
Microsoft Visual Studio Solution File, Format Version 12.00
# Visual Studio 15
VisualStudioVersion = 15.0.28307.271
MinimumVisualStudioVersion = 10.0.40219.1
Project("{FAE04EC0-301F-11D3-BF4B-00C04F79EFBC}") = "CarHolding", "FinalProject\CarHolding.csproj", "{F888D7FA-EE28-46F8-BB0A-7AA12C477991}"
EndProject
Project("{FAE04EC0-301F-11D3-BF4B-00C04F79EFBC}") = "CarHolding.DAL", "CarHolding.DAL\CarHolding.DAL.csproj", "{94B0B82E-B50B-4C4B-97ED-109B40F1A45B}"
EndProject
Global
	GlobalSection(SolutionConfigurationPlatforms) = preSolution
		Debug|Any CPU = Debug|Any CPU
		Release|Any CPU = Release|Any CPU
	EndGlobalSection
	GlobalSection(ProjectConfigurationPlatforms) = postSolution
		{F888D7FA-EE28-46F8-BB0A-7AA12C477991}.Debug|Any CPU.ActiveCfg = Debug|Any CPU
		{F888D7FA-EE28-46F8-BB0A-7AA12C477991}.Debug|Any CPU.Build.0 = Debug|Any CPU
		{F888D7FA-EE28-46F8-BB0A-7AA12C477991}.Release|Any CPU.ActiveCfg = Release|Any CPU
		{F888D7FA-EE28-46F8-BB0A-7AA12C477991}.Release|Any CPU.Build.0 = Release|Any CPU
		{94B0B82E-B50B-4C4B-97ED-109B40F1A45B}.Debug|Any CPU.ActiveCfg = Debug|Any CPU
		{94B0B82E-B50B-4C4B-97ED-109B40F1A45B}.Debug|Any CPU.Build.0 = Debug|Any CPU
		{94B0B82E-B50B-4C4B-97ED-109B40F1A45B}.Release|Any CPU.ActiveCfg = Release|Any CPU
		{94B0B82E-B50B-4C4B-97ED-109B40F1A45B}.Release|Any CPU.Build.0 = Release|Any CPU
	EndGlobalSection
	GlobalSection(SolutionProperties) = preSolution
		HideSolutionNode = FALSE
	EndGlobalSection
	GlobalSection(ExtensibilityGlobals) = postSolution
		SolutionGuid = {D26A9507-57EC-4D4F-BE79-CFEE635DF09C}
	EndGlobalSection
EndGlobal
